
Microsoft Visual Studio Solution File, Format Version 12.00
# Visual Studio Version 16
VisualStudioVersion = 16.0.31613.86
MinimumVisualStudioVersion = 10.0.40219.1
Project("{FAE04EC0-301F-11D3-BF4B-00C04F79EFBC}") = "TLC_Project", "TLC_Project\TLC_Project.csproj", "{CDF96BF0-5FE6-4158-83A8-B8F433BD4ACF}"
EndProject
Global
	GlobalSection(SolutionConfigurationPlatforms) = preSolution
		Debug|Any CPU = Debug|Any CPU
		Release|Any CPU = Release|Any CPU
	EndGlobalSection
	GlobalSection(ProjectConfigurationPlatforms) = postSolution
		{CDF96BF0-5FE6-4158-83A8-B8F433BD4ACF}.Debug|Any CPU.ActiveCfg = Debug|Any CPU
		{CDF96BF0-5FE6-4158-83A8-B8F433BD4ACF}.Debug|Any CPU.Build.0 = Debug|Any CPU
		{CDF96BF0-5FE6-4158-83A8-B8F433BD4ACF}.Release|Any CPU.ActiveCfg = Release|Any CPU
		{CDF96BF0-5FE6-4158-83A8-B8F433BD4ACF}.Release|Any CPU.Build.0 = Release|Any CPU
	EndGlobalSection
	GlobalSection(SolutionProperties) = preSolution
		HideSolutionNode = FALSE
	EndGlobalSection
	GlobalSection(ExtensibilityGlobals) = postSolution
		SolutionGuid = {68996709-B314-40CC-966B-00085192E6C2}
	EndGlobalSection
EndGlobal
